// !$*UTF8*$!
{
	archiveVersion = 1;
	classes = {
	};
	objectVersion = 52;
	objects = {

/* Begin PBXBuildFile section */
		8A00999D2425A71F0081E0EF /* ContentView.swift in Sources */ = {isa = PBXBuildFile; fileRef = 8A00999C2425A71F0081E0EF /* ContentView.swift */; };
		8A00999F2425A7210081E0EF /* Assets.xcassets in Resources */ = {isa = PBXBuildFile; fileRef = 8A00999E2425A7210081E0EF /* Assets.xcassets */; };
		8A0099A22425A7210081E0EF /* Preview Assets.xcassets in Resources */ = {isa = PBXBuildFile; fileRef = 8A0099A12425A7210081E0EF /* Preview Assets.xcassets */; };
		8A0099A52425A7210081E0EF /* LaunchScreen.storyboard in Resources */ = {isa = PBXBuildFile; fileRef = 8A0099A32425A7210081E0EF /* LaunchScreen.storyboard */; };
		8A0099B02425A7210081E0EF /* AlpineNewsTests.swift in Sources */ = {isa = PBXBuildFile; fileRef = 8A0099AF2425A7210081E0EF /* AlpineNewsTests.swift */; };
		8A0099BB2425A7210081E0EF /* AlpineNewsUITests.swift in Sources */ = {isa = PBXBuildFile; fileRef = 8A0099BA2425A7210081E0EF /* AlpineNewsUITests.swift */; };
		8A0099C92425A7BD0081E0EF /* ResourceListView.swift in Sources */ = {isa = PBXBuildFile; fileRef = 8A0099C82425A7BD0081E0EF /* ResourceListView.swift */; };
		8A0099CB2425A7D10081E0EF /* ResourceWebViewer.swift in Sources */ = {isa = PBXBuildFile; fileRef = 8A0099CA2425A7D10081E0EF /* ResourceWebViewer.swift */; };
		8A0099CD2425A7F90081E0EF /* DataModel.swift in Sources */ = {isa = PBXBuildFile; fileRef = 8A0099CC2425A7F90081E0EF /* DataModel.swift */; };
		8A0099CF2425AACE0081E0EF /* WebView.swift in Sources */ = {isa = PBXBuildFile; fileRef = 8A0099CE2425AACE0081E0EF /* WebView.swift */; };
		8A0099D3242648B10081E0EF /* ActivityView.swift in Sources */ = {isa = PBXBuildFile; fileRef = 8A0099D2242648B00081E0EF /* ActivityView.swift */; };
		8A0099D5242659540081E0EF /* SettingsView.swift in Sources */ = {isa = PBXBuildFile; fileRef = 8A0099D4242659540081E0EF /* SettingsView.swift */; };
		8A0099D7242696D40081E0EF /* ReminderSettingsView.swift in Sources */ = {isa = PBXBuildFile; fileRef = 8A0099D6242696D40081E0EF /* ReminderSettingsView.swift */; };
		8A0099D924269C1F0081E0EF /* ReminderLocalNotification.swift in Sources */ = {isa = PBXBuildFile; fileRef = 8A0099D824269C1F0081E0EF /* ReminderLocalNotification.swift */; };
		8A0099DC2427DEFF0081E0EF /* Diagnostics in Frameworks */ = {isa = PBXBuildFile; productRef = 8A0099DB2427DEFF0081E0EF /* Diagnostics */; };
		8A0099DE2427DFC10081E0EF /* MailFeedbackView.swift in Sources */ = {isa = PBXBuildFile; fileRef = 8A0099DD2427DFC10081E0EF /* MailFeedbackView.swift */; };
		8A0099E02427E14A0081E0EF /* FeedbackSettingsView.swift in Sources */ = {isa = PBXBuildFile; fileRef = 8A0099DF2427E14A0081E0EF /* FeedbackSettingsView.swift */; };
		8A0099E22427E48D0081E0EF /* Logger.swift in Sources */ = {isa = PBXBuildFile; fileRef = 8A0099E12427E48D0081E0EF /* Logger.swift */; };
		8A75D7B0243006C9002B8859 /* WelcomeView.swift in Sources */ = {isa = PBXBuildFile; fileRef = 8A75D7AF243006C9002B8859 /* WelcomeView.swift */; };
		8A75D7B224301DFC002B8859 /* resources.json in Resources */ = {isa = PBXBuildFile; fileRef = 8A75D7B124301DFC002B8859 /* resources.json */; };
		8A8AFEDF250AEC8E006686DF /* AlpineNewsApp.swift in Sources */ = {isa = PBXBuildFile; fileRef = 8A8AFEDE250AEC8E006686DF /* AlpineNewsApp.swift */; };
		8A8AFEE1250AEFF7006686DF /* AppDelegate.swift in Sources */ = {isa = PBXBuildFile; fileRef = 8A8AFEE0250AEFF7006686DF /* AppDelegate.swift */; };
		8A8AFEE4250AF25D006686DF /* AppCenterCrashes in Frameworks */ = {isa = PBXBuildFile; productRef = 8A8AFEE3250AF25D006686DF /* AppCenterCrashes */; };
		8A8AFEE6250AF25D006686DF /* AppCenterAnalytics in Frameworks */ = {isa = PBXBuildFile; productRef = 8A8AFEE5250AF25D006686DF /* AppCenterAnalytics */; };
		8AA16070242C041600AD65C7 /* AddToAppLibraryActivity.swift in Sources */ = {isa = PBXBuildFile; fileRef = 8AA1606F242C041600AD65C7 /* AddToAppLibraryActivity.swift */; };
		8AD3F67824356E7300BB311F /* UserNotificationCenter.swift in Sources */ = {isa = PBXBuildFile; fileRef = 8AD3F67724356E7300BB311F /* UserNotificationCenter.swift */; };
		8ADCE1AE25634C8E00B0E71B /* SwiftUI.framework in Frameworks */ = {isa = PBXBuildFile; fileRef = 8ADCE1AD25634C8D00B0E71B /* SwiftUI.framework */; };
/* End PBXBuildFile section */

/* Begin PBXContainerItemProxy section */
		8A0099AC2425A7210081E0EF /* PBXContainerItemProxy */ = {
			isa = PBXContainerItemProxy;
			containerPortal = 8A00998D2425A71F0081E0EF /* Project object */;
			proxyType = 1;
			remoteGlobalIDString = 8A0099942425A71F0081E0EF;
			remoteInfo = AlpineNews;
		};
		8A0099B72425A7210081E0EF /* PBXContainerItemProxy */ = {
			isa = PBXContainerItemProxy;
			containerPortal = 8A00998D2425A71F0081E0EF /* Project object */;
			proxyType = 1;
			remoteGlobalIDString = 8A0099942425A71F0081E0EF;
			remoteInfo = AlpineNews;
		};
/* End PBXContainerItemProxy section */

/* Begin PBXFileReference section */
		8A0099952425A71F0081E0EF /* AlpineNews.app */ = {isa = PBXFileReference; explicitFileType = wrapper.application; includeInIndex = 0; path = AlpineNews.app; sourceTree = BUILT_PRODUCTS_DIR; };
		8A00999C2425A71F0081E0EF /* ContentView.swift */ = {isa = PBXFileReference; lastKnownFileType = sourcecode.swift; path = ContentView.swift; sourceTree = "<group>"; };
		8A00999E2425A7210081E0EF /* Assets.xcassets */ = {isa = PBXFileReference; lastKnownFileType = folder.assetcatalog; path = Assets.xcassets; sourceTree = "<group>"; };
		8A0099A12425A7210081E0EF /* Preview Assets.xcassets */ = {isa = PBXFileReference; lastKnownFileType = folder.assetcatalog; path = "Preview Assets.xcassets"; sourceTree = "<group>"; };
		8A0099A42425A7210081E0EF /* Base */ = {isa = PBXFileReference; lastKnownFileType = file.storyboard; name = Base; path = Base.lproj/LaunchScreen.storyboard; sourceTree = "<group>"; };
		8A0099A62425A7210081E0EF /* Info.plist */ = {isa = PBXFileReference; lastKnownFileType = text.plist.xml; path = Info.plist; sourceTree = "<group>"; };
		8A0099AB2425A7210081E0EF /* AlpineNewsTests.xctest */ = {isa = PBXFileReference; explicitFileType = wrapper.cfbundle; includeInIndex = 0; path = AlpineNewsTests.xctest; sourceTree = BUILT_PRODUCTS_DIR; };
		8A0099AF2425A7210081E0EF /* AlpineNewsTests.swift */ = {isa = PBXFileReference; lastKnownFileType = sourcecode.swift; path = AlpineNewsTests.swift; sourceTree = "<group>"; };
		8A0099B12425A7210081E0EF /* Info.plist */ = {isa = PBXFileReference; lastKnownFileType = text.plist.xml; path = Info.plist; sourceTree = "<group>"; };
		8A0099B62425A7210081E0EF /* AlpineNewsUITests.xctest */ = {isa = PBXFileReference; explicitFileType = wrapper.cfbundle; includeInIndex = 0; path = AlpineNewsUITests.xctest; sourceTree = BUILT_PRODUCTS_DIR; };
		8A0099BA2425A7210081E0EF /* AlpineNewsUITests.swift */ = {isa = PBXFileReference; lastKnownFileType = sourcecode.swift; path = AlpineNewsUITests.swift; sourceTree = "<group>"; };
		8A0099BC2425A7210081E0EF /* Info.plist */ = {isa = PBXFileReference; lastKnownFileType = text.plist.xml; path = Info.plist; sourceTree = "<group>"; };
		8A0099C82425A7BD0081E0EF /* ResourceListView.swift */ = {isa = PBXFileReference; lastKnownFileType = sourcecode.swift; path = ResourceListView.swift; sourceTree = "<group>"; };
		8A0099CA2425A7D10081E0EF /* ResourceWebViewer.swift */ = {isa = PBXFileReference; lastKnownFileType = sourcecode.swift; path = ResourceWebViewer.swift; sourceTree = "<group>"; };
		8A0099CC2425A7F90081E0EF /* DataModel.swift */ = {isa = PBXFileReference; lastKnownFileType = sourcecode.swift; path = DataModel.swift; sourceTree = "<group>"; };
		8A0099CE2425AACE0081E0EF /* WebView.swift */ = {isa = PBXFileReference; lastKnownFileType = sourcecode.swift; path = WebView.swift; sourceTree = "<group>"; };
		8A0099D2242648B00081E0EF /* ActivityView.swift */ = {isa = PBXFileReference; lastKnownFileType = sourcecode.swift; path = ActivityView.swift; sourceTree = "<group>"; };
		8A0099D4242659540081E0EF /* SettingsView.swift */ = {isa = PBXFileReference; lastKnownFileType = sourcecode.swift; path = SettingsView.swift; sourceTree = "<group>"; };
		8A0099D6242696D40081E0EF /* ReminderSettingsView.swift */ = {isa = PBXFileReference; lastKnownFileType = sourcecode.swift; path = ReminderSettingsView.swift; sourceTree = "<group>"; };
		8A0099D824269C1F0081E0EF /* ReminderLocalNotification.swift */ = {isa = PBXFileReference; lastKnownFileType = sourcecode.swift; path = ReminderLocalNotification.swift; sourceTree = "<group>"; };
		8A0099DD2427DFC10081E0EF /* MailFeedbackView.swift */ = {isa = PBXFileReference; lastKnownFileType = sourcecode.swift; path = MailFeedbackView.swift; sourceTree = "<group>"; };
		8A0099DF2427E14A0081E0EF /* FeedbackSettingsView.swift */ = {isa = PBXFileReference; lastKnownFileType = sourcecode.swift; path = FeedbackSettingsView.swift; sourceTree = "<group>"; };
		8A0099E12427E48D0081E0EF /* Logger.swift */ = {isa = PBXFileReference; lastKnownFileType = sourcecode.swift; path = Logger.swift; sourceTree = "<group>"; };
		8A75D7AF243006C9002B8859 /* WelcomeView.swift */ = {isa = PBXFileReference; lastKnownFileType = sourcecode.swift; path = WelcomeView.swift; sourceTree = "<group>"; };
		8A75D7B124301DFC002B8859 /* resources.json */ = {isa = PBXFileReference; fileEncoding = 4; lastKnownFileType = text.json; path = resources.json; sourceTree = "<group>"; };
		8A8AFEDE250AEC8E006686DF /* AlpineNewsApp.swift */ = {isa = PBXFileReference; lastKnownFileType = sourcecode.swift; path = AlpineNewsApp.swift; sourceTree = "<group>"; };
		8A8AFEE0250AEFF7006686DF /* AppDelegate.swift */ = {isa = PBXFileReference; fileEncoding = 4; lastKnownFileType = sourcecode.swift; path = AppDelegate.swift; sourceTree = "<group>"; };
		8AA1606F242C041600AD65C7 /* AddToAppLibraryActivity.swift */ = {isa = PBXFileReference; lastKnownFileType = sourcecode.swift; path = AddToAppLibraryActivity.swift; sourceTree = "<group>"; };
		8AD3F67124355C6000BB311F /* AlpineNews.entitlements */ = {isa = PBXFileReference; lastKnownFileType = text.plist.entitlements; path = AlpineNews.entitlements; sourceTree = "<group>"; };
		8AD3F67724356E7300BB311F /* UserNotificationCenter.swift */ = {isa = PBXFileReference; lastKnownFileType = sourcecode.swift; path = UserNotificationCenter.swift; sourceTree = "<group>"; };
		8ADCE1AD25634C8D00B0E71B /* SwiftUI.framework */ = {isa = PBXFileReference; lastKnownFileType = wrapper.framework; name = SwiftUI.framework; path = Platforms/MacOSX.platform/Developer/SDKs/MacOSX11.0.sdk/System/iOSSupport/System/Library/Frameworks/SwiftUI.framework; sourceTree = DEVELOPER_DIR; };
/* End PBXFileReference section */

/* Begin PBXFrameworksBuildPhase section */
		8A0099922425A71F0081E0EF /* Frameworks */ = {
			isa = PBXFrameworksBuildPhase;
			buildActionMask = 2147483647;
			files = (
				8ADCE1AE25634C8E00B0E71B /* SwiftUI.framework in Frameworks */,
				8A0099DC2427DEFF0081E0EF /* Diagnostics in Frameworks */,
				8A8AFEE4250AF25D006686DF /* AppCenterCrashes in Frameworks */,
				8A8AFEE6250AF25D006686DF /* AppCenterAnalytics in Frameworks */,
			);
			runOnlyForDeploymentPostprocessing = 0;
		};
		8A0099A82425A7210081E0EF /* Frameworks */ = {
			isa = PBXFrameworksBuildPhase;
			buildActionMask = 2147483647;
			files = (
			);
			runOnlyForDeploymentPostprocessing = 0;
		};
		8A0099B32425A7210081E0EF /* Frameworks */ = {
			isa = PBXFrameworksBuildPhase;
			buildActionMask = 2147483647;
			files = (
			);
			runOnlyForDeploymentPostprocessing = 0;
		};
/* End PBXFrameworksBuildPhase section */

/* Begin PBXGroup section */
		8A00998C2425A71F0081E0EF = {
			isa = PBXGroup;
			children = (
				8A0099972425A71F0081E0EF /* AlpineNews */,
				8A0099AE2425A7210081E0EF /* AlpineNewsTests */,
				8A0099B92425A7210081E0EF /* AlpineNewsUITests */,
				8A0099962425A71F0081E0EF /* Products */,
				8ADCE1AC25634C8D00B0E71B /* Frameworks */,
			);
			sourceTree = "<group>";
		};
		8A0099962425A71F0081E0EF /* Products */ = {
			isa = PBXGroup;
			children = (
				8A0099952425A71F0081E0EF /* AlpineNews.app */,
				8A0099AB2425A7210081E0EF /* AlpineNewsTests.xctest */,
				8A0099B62425A7210081E0EF /* AlpineNewsUITests.xctest */,
			);
			name = Products;
			sourceTree = "<group>";
		};
		8A0099972425A71F0081E0EF /* AlpineNews */ = {
			isa = PBXGroup;
			children = (
				8AD3F67124355C6000BB311F /* AlpineNews.entitlements */,
				8A8AFEDE250AEC8E006686DF /* AlpineNewsApp.swift */,
				8A8AFEE0250AEFF7006686DF /* AppDelegate.swift */,
				8A00999C2425A71F0081E0EF /* ContentView.swift */,
				8A00999E2425A7210081E0EF /* Assets.xcassets */,
				8A0099A32425A7210081E0EF /* LaunchScreen.storyboard */,
				8A0099A62425A7210081E0EF /* Info.plist */,
				8A0099A02425A7210081E0EF /* Preview Content */,
				8A0099C82425A7BD0081E0EF /* ResourceListView.swift */,
				8A0099CA2425A7D10081E0EF /* ResourceWebViewer.swift */,
				8A0099CC2425A7F90081E0EF /* DataModel.swift */,
				8A0099CE2425AACE0081E0EF /* WebView.swift */,
				8A0099D2242648B00081E0EF /* ActivityView.swift */,
				8A0099D4242659540081E0EF /* SettingsView.swift */,
				8A0099D6242696D40081E0EF /* ReminderSettingsView.swift */,
				8A0099D824269C1F0081E0EF /* ReminderLocalNotification.swift */,
				8A0099DF2427E14A0081E0EF /* FeedbackSettingsView.swift */,
				8A0099DD2427DFC10081E0EF /* MailFeedbackView.swift */,
				8A0099E12427E48D0081E0EF /* Logger.swift */,
				8AA1606F242C041600AD65C7 /* AddToAppLibraryActivity.swift */,
				8A75D7AF243006C9002B8859 /* WelcomeView.swift */,
				8A75D7B124301DFC002B8859 /* resources.json */,
				8AD3F67724356E7300BB311F /* UserNotificationCenter.swift */,
			);
			path = AlpineNews;
			sourceTree = "<group>";
		};
		8A0099A02425A7210081E0EF /* Preview Content */ = {
			isa = PBXGroup;
			children = (
				8A0099A12425A7210081E0EF /* Preview Assets.xcassets */,
			);
			path = "Preview Content";
			sourceTree = "<group>";
		};
		8A0099AE2425A7210081E0EF /* AlpineNewsTests */ = {
			isa = PBXGroup;
			children = (
				8A0099AF2425A7210081E0EF /* AlpineNewsTests.swift */,
				8A0099B12425A7210081E0EF /* Info.plist */,
			);
			path = AlpineNewsTests;
			sourceTree = "<group>";
		};
		8A0099B92425A7210081E0EF /* AlpineNewsUITests */ = {
			isa = PBXGroup;
			children = (
				8A0099BA2425A7210081E0EF /* AlpineNewsUITests.swift */,
				8A0099BC2425A7210081E0EF /* Info.plist */,
			);
			path = AlpineNewsUITests;
			sourceTree = "<group>";
		};
		8ADCE1AC25634C8D00B0E71B /* Frameworks */ = {
			isa = PBXGroup;
			children = (
				8ADCE1AD25634C8D00B0E71B /* SwiftUI.framework */,
			);
			name = Frameworks;
			sourceTree = "<group>";
		};
/* End PBXGroup section */

/* Begin PBXNativeTarget section */
		8A0099942425A71F0081E0EF /* AlpineNews */ = {
			isa = PBXNativeTarget;
			buildConfigurationList = 8A0099BF2425A7210081E0EF /* Build configuration list for PBXNativeTarget "AlpineNews" */;
			buildPhases = (
				8A0099912425A71F0081E0EF /* Sources */,
				8A0099922425A71F0081E0EF /* Frameworks */,
				8A0099932425A71F0081E0EF /* Resources */,
			);
			buildRules = (
			);
			dependencies = (
			);
			name = AlpineNews;
			packageProductDependencies = (
				8A0099DB2427DEFF0081E0EF /* Diagnostics */,
				8A8AFEE3250AF25D006686DF /* AppCenterCrashes */,
				8A8AFEE5250AF25D006686DF /* AppCenterAnalytics */,
			);
			productName = AlpineNews;
			productReference = 8A0099952425A71F0081E0EF /* AlpineNews.app */;
			productType = "com.apple.product-type.application";
		};
		8A0099AA2425A7210081E0EF /* AlpineNewsTests */ = {
			isa = PBXNativeTarget;
			buildConfigurationList = 8A0099C22425A7210081E0EF /* Build configuration list for PBXNativeTarget "AlpineNewsTests" */;
			buildPhases = (
				8A0099A72425A7210081E0EF /* Sources */,
				8A0099A82425A7210081E0EF /* Frameworks */,
				8A0099A92425A7210081E0EF /* Resources */,
			);
			buildRules = (
			);
			dependencies = (
				8A0099AD2425A7210081E0EF /* PBXTargetDependency */,
			);
			name = AlpineNewsTests;
			productName = AlpineNewsTests;
			productReference = 8A0099AB2425A7210081E0EF /* AlpineNewsTests.xctest */;
			productType = "com.apple.product-type.bundle.unit-test";
		};
		8A0099B52425A7210081E0EF /* AlpineNewsUITests */ = {
			isa = PBXNativeTarget;
			buildConfigurationList = 8A0099C52425A7210081E0EF /* Build configuration list for PBXNativeTarget "AlpineNewsUITests" */;
			buildPhases = (
				8A0099B22425A7210081E0EF /* Sources */,
				8A0099B32425A7210081E0EF /* Frameworks */,
				8A0099B42425A7210081E0EF /* Resources */,
			);
			buildRules = (
			);
			dependencies = (
				8A0099B82425A7210081E0EF /* PBXTargetDependency */,
			);
			name = AlpineNewsUITests;
			productName = AlpineNewsUITests;
			productReference = 8A0099B62425A7210081E0EF /* AlpineNewsUITests.xctest */;
			productType = "com.apple.product-type.bundle.ui-testing";
		};
/* End PBXNativeTarget section */

/* Begin PBXProject section */
		8A00998D2425A71F0081E0EF /* Project object */ = {
			isa = PBXProject;
			attributes = {
				LastSwiftUpdateCheck = 1130;
				LastUpgradeCheck = 1130;
				ORGANIZATIONNAME = "Eidinger, Marco";
				TargetAttributes = {
					8A0099942425A71F0081E0EF = {
						CreatedOnToolsVersion = 11.3.1;
					};
					8A0099AA2425A7210081E0EF = {
						CreatedOnToolsVersion = 11.3.1;
						TestTargetID = 8A0099942425A71F0081E0EF;
					};
					8A0099B52425A7210081E0EF = {
						CreatedOnToolsVersion = 11.3.1;
						TestTargetID = 8A0099942425A71F0081E0EF;
					};
				};
			};
			buildConfigurationList = 8A0099902425A71F0081E0EF /* Build configuration list for PBXProject "AlpineNews" */;
			compatibilityVersion = "Xcode 9.3";
			developmentRegion = en;
			hasScannedForEncodings = 0;
			knownRegions = (
				en,
				Base,
			);
			mainGroup = 8A00998C2425A71F0081E0EF;
			packageReferences = (
				8A0099DA2427DEFF0081E0EF /* XCRemoteSwiftPackageReference "Diagnostics" */,
				8A8AFEE2250AF25D006686DF /* XCRemoteSwiftPackageReference "appcenter-sdk-apple" */,
			);
			productRefGroup = 8A0099962425A71F0081E0EF /* Products */;
			projectDirPath = "";
			projectRoot = "";
			targets = (
				8A0099942425A71F0081E0EF /* AlpineNews */,
				8A0099AA2425A7210081E0EF /* AlpineNewsTests */,
				8A0099B52425A7210081E0EF /* AlpineNewsUITests */,
			);
		};
/* End PBXProject section */

/* Begin PBXResourcesBuildPhase section */
		8A0099932425A71F0081E0EF /* Resources */ = {
			isa = PBXResourcesBuildPhase;
			buildActionMask = 2147483647;
			files = (
				8A0099A52425A7210081E0EF /* LaunchScreen.storyboard in Resources */,
				8A0099A22425A7210081E0EF /* Preview Assets.xcassets in Resources */,
				8A75D7B224301DFC002B8859 /* resources.json in Resources */,
				8A00999F2425A7210081E0EF /* Assets.xcassets in Resources */,
			);
			runOnlyForDeploymentPostprocessing = 0;
		};
		8A0099A92425A7210081E0EF /* Resources */ = {
			isa = PBXResourcesBuildPhase;
			buildActionMask = 2147483647;
			files = (
			);
			runOnlyForDeploymentPostprocessing = 0;
		};
		8A0099B42425A7210081E0EF /* Resources */ = {
			isa = PBXResourcesBuildPhase;
			buildActionMask = 2147483647;
			files = (
			);
			runOnlyForDeploymentPostprocessing = 0;
		};
/* End PBXResourcesBuildPhase section */

/* Begin PBXSourcesBuildPhase section */
		8A0099912425A71F0081E0EF /* Sources */ = {
			isa = PBXSourcesBuildPhase;
			buildActionMask = 2147483647;
			files = (
				8AA16070242C041600AD65C7 /* AddToAppLibraryActivity.swift in Sources */,
				8A0099DE2427DFC10081E0EF /* MailFeedbackView.swift in Sources */,
				8A0099C92425A7BD0081E0EF /* ResourceListView.swift in Sources */,
				8A0099D7242696D40081E0EF /* ReminderSettingsView.swift in Sources */,
				8AD3F67824356E7300BB311F /* UserNotificationCenter.swift in Sources */,
				8A0099CB2425A7D10081E0EF /* ResourceWebViewer.swift in Sources */,
				8A0099E02427E14A0081E0EF /* FeedbackSettingsView.swift in Sources */,
				8A8AFEDF250AEC8E006686DF /* AlpineNewsApp.swift in Sources */,
				8A0099D924269C1F0081E0EF /* ReminderLocalNotification.swift in Sources */,
				8A0099D5242659540081E0EF /* SettingsView.swift in Sources */,
				8A75D7B0243006C9002B8859 /* WelcomeView.swift in Sources */,
				8A0099E22427E48D0081E0EF /* Logger.swift in Sources */,
				8A0099D3242648B10081E0EF /* ActivityView.swift in Sources */,
				8A00999D2425A71F0081E0EF /* ContentView.swift in Sources */,
				8A0099CD2425A7F90081E0EF /* DataModel.swift in Sources */,
				8A8AFEE1250AEFF7006686DF /* AppDelegate.swift in Sources */,
				8A0099CF2425AACE0081E0EF /* WebView.swift in Sources */,
			);
			runOnlyForDeploymentPostprocessing = 0;
		};
		8A0099A72425A7210081E0EF /* Sources */ = {
			isa = PBXSourcesBuildPhase;
			buildActionMask = 2147483647;
			files = (
				8A0099B02425A7210081E0EF /* AlpineNewsTests.swift in Sources */,
			);
			runOnlyForDeploymentPostprocessing = 0;
		};
		8A0099B22425A7210081E0EF /* Sources */ = {
			isa = PBXSourcesBuildPhase;
			buildActionMask = 2147483647;
			files = (
				8A0099BB2425A7210081E0EF /* AlpineNewsUITests.swift in Sources */,
			);
			runOnlyForDeploymentPostprocessing = 0;
		};
/* End PBXSourcesBuildPhase section */

/* Begin PBXTargetDependency section */
		8A0099AD2425A7210081E0EF /* PBXTargetDependency */ = {
			isa = PBXTargetDependency;
			target = 8A0099942425A71F0081E0EF /* AlpineNews */;
			targetProxy = 8A0099AC2425A7210081E0EF /* PBXContainerItemProxy */;
		};
		8A0099B82425A7210081E0EF /* PBXTargetDependency */ = {
			isa = PBXTargetDependency;
			target = 8A0099942425A71F0081E0EF /* AlpineNews */;
			targetProxy = 8A0099B72425A7210081E0EF /* PBXContainerItemProxy */;
		};
/* End PBXTargetDependency section */

/* Begin PBXVariantGroup section */
		8A0099A32425A7210081E0EF /* LaunchScreen.storyboard */ = {
			isa = PBXVariantGroup;
			children = (
				8A0099A42425A7210081E0EF /* Base */,
			);
			name = LaunchScreen.storyboard;
			sourceTree = "<group>";
		};
/* End PBXVariantGroup section */

/* Begin XCBuildConfiguration section */
		8A0099BD2425A7210081E0EF /* Debug */ = {
			isa = XCBuildConfiguration;
			buildSettings = {
				ALWAYS_SEARCH_USER_PATHS = NO;
				CLANG_ANALYZER_NONNULL = YES;
				CLANG_ANALYZER_NUMBER_OBJECT_CONVERSION = YES_AGGRESSIVE;
				CLANG_CXX_LANGUAGE_STANDARD = "gnu++14";
				CLANG_CXX_LIBRARY = "libc++";
				CLANG_ENABLE_MODULES = YES;
				CLANG_ENABLE_OBJC_ARC = YES;
				CLANG_ENABLE_OBJC_WEAK = YES;
				CLANG_WARN_BLOCK_CAPTURE_AUTORELEASING = YES;
				CLANG_WARN_BOOL_CONVERSION = YES;
				CLANG_WARN_COMMA = YES;
				CLANG_WARN_CONSTANT_CONVERSION = YES;
				CLANG_WARN_DEPRECATED_OBJC_IMPLEMENTATIONS = YES;
				CLANG_WARN_DIRECT_OBJC_ISA_USAGE = YES_ERROR;
				CLANG_WARN_DOCUMENTATION_COMMENTS = YES;
				CLANG_WARN_EMPTY_BODY = YES;
				CLANG_WARN_ENUM_CONVERSION = YES;
				CLANG_WARN_INFINITE_RECURSION = YES;
				CLANG_WARN_INT_CONVERSION = YES;
				CLANG_WARN_NON_LITERAL_NULL_CONVERSION = YES;
				CLANG_WARN_OBJC_IMPLICIT_RETAIN_SELF = YES;
				CLANG_WARN_OBJC_LITERAL_CONVERSION = YES;
				CLANG_WARN_OBJC_ROOT_CLASS = YES_ERROR;
				CLANG_WARN_RANGE_LOOP_ANALYSIS = YES;
				CLANG_WARN_STRICT_PROTOTYPES = YES;
				CLANG_WARN_SUSPICIOUS_MOVE = YES;
				CLANG_WARN_UNGUARDED_AVAILABILITY = YES_AGGRESSIVE;
				CLANG_WARN_UNREACHABLE_CODE = YES;
				CLANG_WARN__DUPLICATE_METHOD_MATCH = YES;
				COPY_PHASE_STRIP = NO;
				DEBUG_INFORMATION_FORMAT = dwarf;
				ENABLE_STRICT_OBJC_MSGSEND = YES;
				ENABLE_TESTABILITY = YES;
				GCC_C_LANGUAGE_STANDARD = gnu11;
				GCC_DYNAMIC_NO_PIC = NO;
				GCC_NO_COMMON_BLOCKS = YES;
				GCC_OPTIMIZATION_LEVEL = 0;
				GCC_PREPROCESSOR_DEFINITIONS = (
					"DEBUG=1",
					"$(inherited)",
				);
				GCC_WARN_64_TO_32_BIT_CONVERSION = YES;
				GCC_WARN_ABOUT_RETURN_TYPE = YES_ERROR;
				GCC_WARN_UNDECLARED_SELECTOR = YES;
				GCC_WARN_UNINITIALIZED_AUTOS = YES_AGGRESSIVE;
				GCC_WARN_UNUSED_FUNCTION = YES;
				GCC_WARN_UNUSED_VARIABLE = YES;
				IPHONEOS_DEPLOYMENT_TARGET = 13.2;
				MTL_ENABLE_DEBUG_INFO = INCLUDE_SOURCE;
				MTL_FAST_MATH = YES;
				ONLY_ACTIVE_ARCH = YES;
				SDKROOT = iphoneos;
				SWIFT_ACTIVE_COMPILATION_CONDITIONS = DEBUG;
				SWIFT_OPTIMIZATION_LEVEL = "-Onone";
			};
			name = Debug;
		};
		8A0099BE2425A7210081E0EF /* Release */ = {
			isa = XCBuildConfiguration;
			buildSettings = {
				ALWAYS_SEARCH_USER_PATHS = NO;
				CLANG_ANALYZER_NONNULL = YES;
				CLANG_ANALYZER_NUMBER_OBJECT_CONVERSION = YES_AGGRESSIVE;
				CLANG_CXX_LANGUAGE_STANDARD = "gnu++14";
				CLANG_CXX_LIBRARY = "libc++";
				CLANG_ENABLE_MODULES = YES;
				CLANG_ENABLE_OBJC_ARC = YES;
				CLANG_ENABLE_OBJC_WEAK = YES;
				CLANG_WARN_BLOCK_CAPTURE_AUTORELEASING = YES;
				CLANG_WARN_BOOL_CONVERSION = YES;
				CLANG_WARN_COMMA = YES;
				CLANG_WARN_CONSTANT_CONVERSION = YES;
				CLANG_WARN_DEPRECATED_OBJC_IMPLEMENTATIONS = YES;
				CLANG_WARN_DIRECT_OBJC_ISA_USAGE = YES_ERROR;
				CLANG_WARN_DOCUMENTATION_COMMENTS = YES;
				CLANG_WARN_EMPTY_BODY = YES;
				CLANG_WARN_ENUM_CONVERSION = YES;
				CLANG_WARN_INFINITE_RECURSION = YES;
				CLANG_WARN_INT_CONVERSION = YES;
				CLANG_WARN_NON_LITERAL_NULL_CONVERSION = YES;
				CLANG_WARN_OBJC_IMPLICIT_RETAIN_SELF = YES;
				CLANG_WARN_OBJC_LITERAL_CONVERSION = YES;
				CLANG_WARN_OBJC_ROOT_CLASS = YES_ERROR;
				CLANG_WARN_RANGE_LOOP_ANALYSIS = YES;
				CLANG_WARN_STRICT_PROTOTYPES = YES;
				CLANG_WARN_SUSPICIOUS_MOVE = YES;
				CLANG_WARN_UNGUARDED_AVAILABILITY = YES_AGGRESSIVE;
				CLANG_WARN_UNREACHABLE_CODE = YES;
				CLANG_WARN__DUPLICATE_METHOD_MATCH = YES;
				COPY_PHASE_STRIP = NO;
				DEBUG_INFORMATION_FORMAT = "dwarf-with-dsym";
				ENABLE_NS_ASSERTIONS = NO;
				ENABLE_STRICT_OBJC_MSGSEND = YES;
				GCC_C_LANGUAGE_STANDARD = gnu11;
				GCC_NO_COMMON_BLOCKS = YES;
				GCC_WARN_64_TO_32_BIT_CONVERSION = YES;
				GCC_WARN_ABOUT_RETURN_TYPE = YES_ERROR;
				GCC_WARN_UNDECLARED_SELECTOR = YES;
				GCC_WARN_UNINITIALIZED_AUTOS = YES_AGGRESSIVE;
				GCC_WARN_UNUSED_FUNCTION = YES;
				GCC_WARN_UNUSED_VARIABLE = YES;
				IPHONEOS_DEPLOYMENT_TARGET = 13.2;
				MTL_ENABLE_DEBUG_INFO = NO;
				MTL_FAST_MATH = YES;
				SDKROOT = iphoneos;
				SWIFT_COMPILATION_MODE = wholemodule;
				SWIFT_OPTIMIZATION_LEVEL = "-O";
				VALIDATE_PRODUCT = YES;
			};
			name = Release;
		};
		8A0099C02425A7210081E0EF /* Debug */ = {
			isa = XCBuildConfiguration;
			buildSettings = {
				ASSETCATALOG_COMPILER_APPICON_NAME = AppIcon;
				CODE_SIGN_ENTITLEMENTS = AlpineNews/AlpineNews.entitlements;
				CODE_SIGN_STYLE = Automatic;
				DEVELOPMENT_ASSET_PATHS = "\"AlpineNews/Preview Content\"";
				DEVELOPMENT_TEAM = 6V66CC3AN6;
				ENABLE_PREVIEWS = YES;
				FRAMEWORK_SEARCH_PATHS = (
					"$(inherited)",
					"$(PROJECT_DIR)/AlpineNews/Vendor/MSAppCenter",
				);
				INFOPLIST_FILE = AlpineNews/Info.plist;
				IPHONEOS_DEPLOYMENT_TARGET = 14.0;
				"IPHONEOS_DEPLOYMENT_TARGET[sdk=macosx*]" = 14.2;
				LD_RUNPATH_SEARCH_PATHS = (
					"$(inherited)",
					"@executable_path/Frameworks",
				);
				PRODUCT_BUNDLE_IDENTIFIER = us.eidinger.AlpineNews;
				PRODUCT_NAME = "$(TARGET_NAME)";
				SUPPORTS_MACCATALYST = YES;
				SWIFT_VERSION = 5.0;
				TARGETED_DEVICE_FAMILY = "1,2";
			};
			name = Debug;
		};
		8A0099C12425A7210081E0EF /* Release */ = {
			isa = XCBuildConfiguration;
			buildSettings = {
				ASSETCATALOG_COMPILER_APPICON_NAME = AppIcon;
				CODE_SIGN_ENTITLEMENTS = AlpineNews/AlpineNews.entitlements;
				CODE_SIGN_STYLE = Automatic;
				DEVELOPMENT_ASSET_PATHS = "\"AlpineNews/Preview Content\"";
				DEVELOPMENT_TEAM = 6V66CC3AN6;
				ENABLE_PREVIEWS = YES;
				FRAMEWORK_SEARCH_PATHS = (
					"$(inherited)",
					"$(PROJECT_DIR)/AlpineNews/Vendor/MSAppCenter",
				);
				INFOPLIST_FILE = AlpineNews/Info.plist;
				IPHONEOS_DEPLOYMENT_TARGET = 14.0;
				"IPHONEOS_DEPLOYMENT_TARGET[sdk=macosx*]" = 14.2;
				LD_RUNPATH_SEARCH_PATHS = (
					"$(inherited)",
					"@executable_path/Frameworks",
				);
				PRODUCT_BUNDLE_IDENTIFIER = us.eidinger.AlpineNews;
				PRODUCT_NAME = "$(TARGET_NAME)";
				SUPPORTS_MACCATALYST = YES;
				SWIFT_VERSION = 5.0;
				TARGETED_DEVICE_FAMILY = "1,2";
			};
			name = Release;
		};
		8A0099C32425A7210081E0EF /* Debug */ = {
			isa = XCBuildConfiguration;
			buildSettings = {
				ALWAYS_EMBED_SWIFT_STANDARD_LIBRARIES = YES;
				BUNDLE_LOADER = "$(TEST_HOST)";
				CODE_SIGN_STYLE = Automatic;
				DEVELOPMENT_TEAM = 6V66CC3AN6;
				INFOPLIST_FILE = AlpineNewsTests/Info.plist;
				IPHONEOS_DEPLOYMENT_TARGET = 13.2;
				LD_RUNPATH_SEARCH_PATHS = (
					"$(inherited)",
					"@executable_path/Frameworks",
					"@loader_path/Frameworks",
				);
				PRODUCT_BUNDLE_IDENTIFIER = us.eidinger.AlpineNewsTests;
				PRODUCT_NAME = "$(TARGET_NAME)";
				SWIFT_VERSION = 5.0;
				TARGETED_DEVICE_FAMILY = "1,2";
				TEST_HOST = "$(BUILT_PRODUCTS_DIR)/AlpineNews.app/AlpineNews";
			};
			name = Debug;
		};
		8A0099C42425A7210081E0EF /* Release */ = {
			isa = XCBuildConfiguration;
			buildSettings = {
				ALWAYS_EMBED_SWIFT_STANDARD_LIBRARIES = YES;
				BUNDLE_LOADER = "$(TEST_HOST)";
				CODE_SIGN_STYLE = Automatic;
				DEVELOPMENT_TEAM = 6V66CC3AN6;
				INFOPLIST_FILE = AlpineNewsTests/Info.plist;
				IPHONEOS_DEPLOYMENT_TARGET = 13.2;
				LD_RUNPATH_SEARCH_PATHS = (
					"$(inherited)",
					"@executable_path/Frameworks",
					"@loader_path/Frameworks",
				);
				PRODUCT_BUNDLE_IDENTIFIER = us.eidinger.AlpineNewsTests;
				PRODUCT_NAME = "$(TARGET_NAME)";
				SWIFT_VERSION = 5.0;
				TARGETED_DEVICE_FAMILY = "1,2";
				TEST_HOST = "$(BUILT_PRODUCTS_DIR)/AlpineNews.app/AlpineNews";
			};
			name = Release;
		};
		8A0099C62425A7210081E0EF /* Debug */ = {
			isa = XCBuildConfiguration;
			buildSettings = {
				ALWAYS_EMBED_SWIFT_STANDARD_LIBRARIES = YES;
				CODE_SIGN_STYLE = Automatic;
				DEVELOPMENT_TEAM = 6V66CC3AN6;
				INFOPLIST_FILE = AlpineNewsUITests/Info.plist;
				LD_RUNPATH_SEARCH_PATHS = (
					"$(inherited)",
					"@executable_path/Frameworks",
					"@loader_path/Frameworks",
				);
				PRODUCT_BUNDLE_IDENTIFIER = us.eidinger.AlpineNewsUITests;
				PRODUCT_NAME = "$(TARGET_NAME)";
				SWIFT_VERSION = 5.0;
				TARGETED_DEVICE_FAMILY = "1,2";
				TEST_TARGET_NAME = AlpineNews;
			};
			name = Debug;
		};
		8A0099C72425A7210081E0EF /* Release */ = {
			isa = XCBuildConfiguration;
			buildSettings = {
				ALWAYS_EMBED_SWIFT_STANDARD_LIBRARIES = YES;
				CODE_SIGN_STYLE = Automatic;
				DEVELOPMENT_TEAM = 6V66CC3AN6;
				INFOPLIST_FILE = AlpineNewsUITests/Info.plist;
				LD_RUNPATH_SEARCH_PATHS = (
					"$(inherited)",
					"@executable_path/Frameworks",
					"@loader_path/Frameworks",
				);
				PRODUCT_BUNDLE_IDENTIFIER = us.eidinger.AlpineNewsUITests;
				PRODUCT_NAME = "$(TARGET_NAME)";
				SWIFT_VERSION = 5.0;
				TARGETED_DEVICE_FAMILY = "1,2";
				TEST_TARGET_NAME = AlpineNews;
			};
			name = Release;
		};
/* End XCBuildConfiguration section */

/* Begin XCConfigurationList section */
		8A0099902425A71F0081E0EF /* Build configuration list for PBXProject "AlpineNews" */ = {
			isa = XCConfigurationList;
			buildConfigurations = (
				8A0099BD2425A7210081E0EF /* Debug */,
				8A0099BE2425A7210081E0EF /* Release */,
			);
			defaultConfigurationIsVisible = 0;
			defaultConfigurationName = Release;
		};
		8A0099BF2425A7210081E0EF /* Build configuration list for PBXNativeTarget "AlpineNews" */ = {
			isa = XCConfigurationList;
			buildConfigurations = (
				8A0099C02425A7210081E0EF /* Debug */,
				8A0099C12425A7210081E0EF /* Release */,
			);
			defaultConfigurationIsVisible = 0;
			defaultConfigurationName = Release;
		};
		8A0099C22425A7210081E0EF /* Build configuration list for PBXNativeTarget "AlpineNewsTests" */ = {
			isa = XCConfigurationList;
			buildConfigurations = (
				8A0099C32425A7210081E0EF /* Debug */,
				8A0099C42425A7210081E0EF /* Release */,
			);
			defaultConfigurationIsVisible = 0;
			defaultConfigurationName = Release;
		};
		8A0099C52425A7210081E0EF /* Build configuration list for PBXNativeTarget "AlpineNewsUITests" */ = {
			isa = XCConfigurationList;
			buildConfigurations = (
				8A0099C62425A7210081E0EF /* Debug */,
				8A0099C72425A7210081E0EF /* Release */,
			);
			defaultConfigurationIsVisible = 0;
			defaultConfigurationName = Release;
		};
/* End XCConfigurationList section */

/* Begin XCRemoteSwiftPackageReference section */
		8A0099DA2427DEFF0081E0EF /* XCRemoteSwiftPackageReference "Diagnostics" */ = {
			isa = XCRemoteSwiftPackageReference;
			repositoryURL = "https://github.com/WeTransfer/Diagnostics";
			requirement = {
				kind = upToNextMajorVersion;
				minimumVersion = 1.9.0;
			};
		};
		8A8AFEE2250AF25D006686DF /* XCRemoteSwiftPackageReference "appcenter-sdk-apple" */ = {
			isa = XCRemoteSwiftPackageReference;
			repositoryURL = "https://github.com/microsoft/appcenter-sdk-apple.git";
			requirement = {
				kind = upToNextMajorVersion;
				minimumVersion = 4.1.1;
			};
		};
/* End XCRemoteSwiftPackageReference section */

/* Begin XCSwiftPackageProductDependency section */
		8A0099DB2427DEFF0081E0EF /* Diagnostics */ = {
			isa = XCSwiftPackageProductDependency;
			package = 8A0099DA2427DEFF0081E0EF /* XCRemoteSwiftPackageReference "Diagnostics" */;
			productName = Diagnostics;
		};
		8A8AFEE3250AF25D006686DF /* AppCenterCrashes */ = {
			isa = XCSwiftPackageProductDependency;
			package = 8A8AFEE2250AF25D006686DF /* XCRemoteSwiftPackageReference "appcenter-sdk-apple" */;
			productName = AppCenterCrashes;
		};
		8A8AFEE5250AF25D006686DF /* AppCenterAnalytics */ = {
			isa = XCSwiftPackageProductDependency;
			package = 8A8AFEE2250AF25D006686DF /* XCRemoteSwiftPackageReference "appcenter-sdk-apple" */;
			productName = AppCenterAnalytics;
		};
/* End XCSwiftPackageProductDependency section */
	};
	rootObject = 8A00998D2425A71F0081E0EF /* Project object */;
}
